
Microsoft Visual Studio Solution File, Format Version 12.00
# Visual Studio Version 17
VisualStudioVersion = 17.3.32825.248
MinimumVisualStudioVersion = 10.0.40219.1
Project("{FAE04EC0-301F-11D3-BF4B-00C04F79EFBC}") = "RandomWords", "RandomWords\RandomWords.csproj", "{CAEC465F-897F-4220-B6CF-E5919D4414F3}"
EndProject
Global
	GlobalSection(SolutionConfigurationPlatforms) = preSolution
		Debug|Any CPU = Debug|Any CPU
		Release|Any CPU = Release|Any CPU
	EndGlobalSection
	GlobalSection(ProjectConfigurationPlatforms) = postSolution
		{CAEC465F-897F-4220-B6CF-E5919D4414F3}.Debug|Any CPU.ActiveCfg = Debug|Any CPU
		{CAEC465F-897F-4220-B6CF-E5919D4414F3}.Debug|Any CPU.Build.0 = Debug|Any CPU
		{CAEC465F-897F-4220-B6CF-E5919D4414F3}.Release|Any CPU.ActiveCfg = Release|Any CPU
		{CAEC465F-897F-4220-B6CF-E5919D4414F3}.Release|Any CPU.Build.0 = Release|Any CPU
	EndGlobalSection
	GlobalSection(SolutionProperties) = preSolution
		HideSolutionNode = FALSE
	EndGlobalSection
	GlobalSection(ExtensibilityGlobals) = postSolution
		SolutionGuid = {4A05FA6A-DCBE-40CD-B221-CFF83FAE8768}
	EndGlobalSection
EndGlobal
